
Microsoft Visual Studio Solution File, Format Version 12.00
# Visual Studio Version 17
VisualStudioVersion = 17.9.34902.65
MinimumVisualStudioVersion = 10.0.40219.1
Project("{9A19103F-16F7-4668-BE54-9A1E7A4F7556}") = "BaByBoi_Project", "BaByBoi_Project\BaByBoi_Project.csproj", "{66F63A4C-2233-4AA7-B71A-97902A914628}"
EndProject
Project("{9A19103F-16F7-4668-BE54-9A1E7A4F7556}") = "BaByBoi.DataAccess", "BaByBoi.DataAccess\BaByBoi.DataAccess.csproj", "{A17E9DFA-B409-4D15-B40E-EF869F9B2722}"
EndProject
Project("{9A19103F-16F7-4668-BE54-9A1E7A4F7556}") = "BaByBoi.Domain", "BaByBoi.Domain\BaByBoi.Domain.csproj", "{E6754321-C033-4378-81F0-0CC4FB57EBEA}"
EndProject
Global
	GlobalSection(SolutionConfigurationPlatforms) = preSolution
		Debug|Any CPU = Debug|Any CPU
		Release|Any CPU = Release|Any CPU
	EndGlobalSection
	GlobalSection(ProjectConfigurationPlatforms) = postSolution
		{66F63A4C-2233-4AA7-B71A-97902A914628}.Debug|Any CPU.ActiveCfg = Debug|Any CPU
		{66F63A4C-2233-4AA7-B71A-97902A914628}.Debug|Any CPU.Build.0 = Debug|Any CPU
		{66F63A4C-2233-4AA7-B71A-97902A914628}.Release|Any CPU.ActiveCfg = Release|Any CPU
		{66F63A4C-2233-4AA7-B71A-97902A914628}.Release|Any CPU.Build.0 = Release|Any CPU
		{A17E9DFA-B409-4D15-B40E-EF869F9B2722}.Debug|Any CPU.ActiveCfg = Debug|Any CPU
		{A17E9DFA-B409-4D15-B40E-EF869F9B2722}.Debug|Any CPU.Build.0 = Debug|Any CPU
		{A17E9DFA-B409-4D15-B40E-EF869F9B2722}.Release|Any CPU.ActiveCfg = Release|Any CPU
		{A17E9DFA-B409-4D15-B40E-EF869F9B2722}.Release|Any CPU.Build.0 = Release|Any CPU
		{E6754321-C033-4378-81F0-0CC4FB57EBEA}.Debug|Any CPU.ActiveCfg = Debug|Any CPU
		{E6754321-C033-4378-81F0-0CC4FB57EBEA}.Debug|Any CPU.Build.0 = Debug|Any CPU
		{E6754321-C033-4378-81F0-0CC4FB57EBEA}.Release|Any CPU.ActiveCfg = Release|Any CPU
		{E6754321-C033-4378-81F0-0CC4FB57EBEA}.Release|Any CPU.Build.0 = Release|Any CPU
	EndGlobalSection
	GlobalSection(SolutionProperties) = preSolution
		HideSolutionNode = FALSE
	EndGlobalSection
	GlobalSection(ExtensibilityGlobals) = postSolution
		SolutionGuid = {574F4229-167E-491C-8ADE-F483C4C69DAF}
	EndGlobalSection
EndGlobal
